PODS:
  - DCCJCashier (0.1.9):
    - DCCJNetwork (~> 0.2.6)
    - DCCJUser (~> 0.1.1)
  - DCCJNetwork (0.2.6)
  - DCCJUser (0.1.1)

DEPENDENCIES:
  - DCCJCashier (from `../`)

SPEC REPOS:
  https://github.com/cocoapods/specs.git:
    - DCCJNetwork
    - DCCJUser

EXTERNAL SOURCES:
  DCCJCashier:
    :path: "../"

SPEC CHECKSUMS:
  DCCJCashier: 365b2e0576fa1f4e626393bc0e4b0bd0644f8022
  DCCJNetwork: 14b7cdd7fd6609aa8939cb1d459ae6d704367b4a
  DCCJUser: 50e6b2b9e0dcbba9e194cd5a61c2ea90794da7aa

PODFILE CHECKSUM: 7cca68eccd087dc22bb31fa1e700850fc8e3342f

COCOAPODS: 1.5.3
